
Microsoft Visual Studio Solution File, Format Version 12.00
# Visual Studio Version 17
VisualStudioVersion = 17.4.33110.190
MinimumVisualStudioVersion = 10.0.40219.1
Project("{FAE04EC0-301F-11D3-BF4B-00C04F79EFBC}") = "SimchaFund.Web", "SimchaFund.Web\SimchaFund.Web.csproj", "{D246A64D-24FA-4DAF-B4BC-78B796103EBD}"
EndProject
Project("{FAE04EC0-301F-11D3-BF4B-00C04F79EFBC}") = "SimchaFund.Data", "SimchaFund.Data\SimchaFund.Data.csproj", "{5639E764-4B09-445D-A703-78483397D146}"
EndProject
Global
	GlobalSection(SolutionConfigurationPlatforms) = preSolution
		Debug|Any CPU = Debug|Any CPU
		Release|Any CPU = Release|Any CPU
	EndGlobalSection
	GlobalSection(ProjectConfigurationPlatforms) = postSolution
		{D246A64D-24FA-4DAF-B4BC-78B796103EBD}.Debug|Any CPU.ActiveCfg = Debug|Any CPU
		{D246A64D-24FA-4DAF-B4BC-78B796103EBD}.Debug|Any CPU.Build.0 = Debug|Any CPU
		{D246A64D-24FA-4DAF-B4BC-78B796103EBD}.Release|Any CPU.ActiveCfg = Release|Any CPU
		{D246A64D-24FA-4DAF-B4BC-78B796103EBD}.Release|Any CPU.Build.0 = Release|Any CPU
		{5639E764-4B09-445D-A703-78483397D146}.Debug|Any CPU.ActiveCfg = Debug|Any CPU
		{5639E764-4B09-445D-A703-78483397D146}.Debug|Any CPU.Build.0 = Debug|Any CPU
		{5639E764-4B09-445D-A703-78483397D146}.Release|Any CPU.ActiveCfg = Release|Any CPU
		{5639E764-4B09-445D-A703-78483397D146}.Release|Any CPU.Build.0 = Release|Any CPU
	EndGlobalSection
	GlobalSection(SolutionProperties) = preSolution
		HideSolutionNode = FALSE
	EndGlobalSection
	GlobalSection(ExtensibilityGlobals) = postSolution
		SolutionGuid = {94511A43-6DF1-476D-9045-A60973202F0F}
	EndGlobalSection
EndGlobal
